
Microsoft Visual Studio Solution File, Format Version 12.00
# Visual Studio Version 16
VisualStudioVersion = 16.0.31911.196
MinimumVisualStudioVersion = 10.0.40219.1
Project("{FAE04EC0-301F-11D3-BF4B-00C04F79EFBC}") = "CovidForm", "CovidForm\CovidForm.csproj", "{8EFC0947-AB25-4593-BFBE-428C826F9681}"
EndProject
Global
	GlobalSection(SolutionConfigurationPlatforms) = preSolution
		Debug|Any CPU = Debug|Any CPU
		Release|Any CPU = Release|Any CPU
	EndGlobalSection
	GlobalSection(ProjectConfigurationPlatforms) = postSolution
		{8EFC0947-AB25-4593-BFBE-428C826F9681}.Debug|Any CPU.ActiveCfg = Debug|Any CPU
		{8EFC0947-AB25-4593-BFBE-428C826F9681}.Debug|Any CPU.Build.0 = Debug|Any CPU
		{8EFC0947-AB25-4593-BFBE-428C826F9681}.Release|Any CPU.ActiveCfg = Release|Any CPU
		{8EFC0947-AB25-4593-BFBE-428C826F9681}.Release|Any CPU.Build.0 = Release|Any CPU
	EndGlobalSection
	GlobalSection(SolutionProperties) = preSolution
		HideSolutionNode = FALSE
	EndGlobalSection
	GlobalSection(ExtensibilityGlobals) = postSolution
		SolutionGuid = {DA9855E6-6071-4371-AF40-788A69138882}
	EndGlobalSection
EndGlobal
